// !$*UTF8*$!
{
	archiveVersion = 1;
	classes = {
	};
	objectVersion = 50;
	objects = {

/* Begin PBXBuildFile section */
		AF120C3C22E678B0008BC7A0 /* keyChainDAT-external.cpp in Sources */ = {isa = PBXBuildFile; fileRef = AF120C3A22E678B0008BC7A0 /* keyChainDAT-external.cpp */; };
		AF120C3D22E68828008BC7A0 /* baseOP.cpp in Sources */ = {isa = PBXBuildFile; fileRef = AF5A951D22B4A1F400662FAD /* baseOP.cpp */; };
		AF56822D22E0FE800033113F /* libndn-cpp.a in Frameworks */ = {isa = PBXBuildFile; fileRef = AF5A950C22B461C600662FAD /* libndn-cpp.a */; };
		AF5A94F722B4563E00662FAD /* faceDAT.cpp in Sources */ = {isa = PBXBuildFile; fileRef = AF5A94F522B4563E00662FAD /* faceDAT.cpp */; };
		AF5A950222B45A6D00662FAD /* faceDAT.plugin in CopyFiles */ = {isa = PBXBuildFile; fileRef = E227270F21B6EE9A00905532 /* faceDAT.plugin */; settings = {ATTRIBUTES = (CodeSignOnCopy, RemoveHeadersOnCopy, ); }; };
		AF5A951122B4621000662FAD /* baseDAT.cpp in Sources */ = {isa = PBXBuildFile; fileRef = AF5A950F22B4621000662FAD /* baseDAT.cpp */; };
		AF5A951B22B4758400662FAD /* face-processor.cpp in Sources */ = {isa = PBXBuildFile; fileRef = AF5A951422B46F8200662FAD /* face-processor.cpp */; };
		AF70152C22C42EE8009D35F6 /* baseDAT.cpp in Sources */ = {isa = PBXBuildFile; fileRef = AF5A950F22B4621000662FAD /* baseDAT.cpp */; };
		AF70152D22C42EE8009D35F6 /* baseOP.cpp in Sources */ = {isa = PBXBuildFile; fileRef = AF5A951D22B4A1F400662FAD /* baseOP.cpp */; };
		AF70152F22C42EE8009D35F6 /* apr_base64.c in Sources */ = {isa = PBXBuildFile; fileRef = AFB405F722C2B6D30036C08A /* apr_base64.c */; };
		AF70153222C42EE8009D35F6 /* libndn-cpp.a in Frameworks */ = {isa = PBXBuildFile; fileRef = AF5A950C22B461C600662FAD /* libndn-cpp.a */; };
		AF70153D22C42F07009D35F6 /* keyChainDAT.cpp in Sources */ = {isa = PBXBuildFile; fileRef = AF5A94F822B4564800662FAD /* keyChainDAT.cpp */; };
		AF70154522C42F97009D35F6 /* touchdesigner.cert in Resources */ = {isa = PBXBuildFile; fileRef = AF70153F22C42F97009D35F6 /* touchdesigner.cert */; };
		AF70154622C42F97009D35F6 /* policy.conf in Resources */ = {isa = PBXBuildFile; fileRef = AF70154022C42F97009D35F6 /* policy.conf */; };
		AF70154B22C42FDE009D35F6 /* pib.db in Copy Files */ = {isa = PBXBuildFile; fileRef = AF70154222C42F97009D35F6 /* pib.db */; };
		AF70154C22C431CE009D35F6 /* c78624458f1107d962df66aae9fa8a208c8efd70c34ef89cc46ec4e0ad36484a.privkey in CopyFiles */ = {isa = PBXBuildFile; fileRef = AF70154422C42F97009D35F6 /* c78624458f1107d962df66aae9fa8a208c8efd70c34ef89cc46ec4e0ad36484a.privkey */; };
		AF70154D22C43293009D35F6 /* keyChainDAT.plugin in CopyFiles */ = {isa = PBXBuildFile; fileRef = AF70153B22C42EE8009D35F6 /* keyChainDAT.plugin */; };
		AF70155022C4368A009D35F6 /* foundation-helpers.mm in Sources */ = {isa = PBXBuildFile; fileRef = AF70154F22C4368A009D35F6 /* foundation-helpers.mm */; };
		AF8A4CB022FE311E008A48A5 /* baseOP.cpp in Sources */ = {isa = PBXBuildFile; fileRef = AF5A951D22B4A1F400662FAD /* baseOP.cpp */; };
		AF8A4CB522FE311E008A48A5 /* libtouchndn-helper.0.dylib in Frameworks */ = {isa = PBXBuildFile; fileRef = AFCD77FF22F15DF80000302C /* libtouchndn-helper.0.dylib */; };
		AF8A4CC222FE313A008A48A5 /* baseTOP.cpp in Sources */ = {isa = PBXBuildFile; fileRef = AF8A4CA722FE3024008A48A5 /* baseTOP.cpp */; };
		AF8A4CC322FE314D008A48A5 /* payloadTOP.plugin in CopyFiles */ = {isa = PBXBuildFile; fileRef = AF8A4CC022FE311E008A48A5 /* payloadTOP.plugin */; };
		AF8A4CCB22FE32C2008A48A5 /* payloadTOP.cpp in Sources */ = {isa = PBXBuildFile; fileRef = AF8A4CC822FE32C2008A48A5 /* payloadTOP.cpp */; };
		AF8A4CCD22FE47E6008A48A5 /* OpenGL.framework in Frameworks */ = {isa = PBXBuildFile; fileRef = AF8A4CCC22FE47E6008A48A5 /* OpenGL.framework */; };
		AFB405F922C2B6D30036C08A /* LICENSE in Resources */ = {isa = PBXBuildFile; fileRef = AFB405F622C2B6D30036C08A /* LICENSE */; };
		AFB405FA22C2B6D30036C08A /* apr_base64.c in Sources */ = {isa = PBXBuildFile; fileRef = AFB405F722C2B6D30036C08A /* apr_base64.c */; };
		AFCD77B422E78C410000302C /* key-chain-manager.cpp in Sources */ = {isa = PBXBuildFile; fileRef = AFCD77B322E78C410000302C /* key-chain-manager.cpp */; };
		AFCD77B922E8DBFC0000302C /* baseDAT.cpp in Sources */ = {isa = PBXBuildFile; fileRef = AF5A950F22B4621000662FAD /* baseDAT.cpp */; };
		AFCD77BB22E8DBFC0000302C /* baseOP.cpp in Sources */ = {isa = PBXBuildFile; fileRef = AF5A951D22B4A1F400662FAD /* baseOP.cpp */; };
		AFCD77BD22E8DBFC0000302C /* apr_base64.c in Sources */ = {isa = PBXBuildFile; fileRef = AFB405F722C2B6D30036C08A /* apr_base64.c */; };
		AFCD77C222E8DBFC0000302C /* libndn-cpp.a in Frameworks */ = {isa = PBXBuildFile; fileRef = AF5A950C22B461C600662FAD /* libndn-cpp.a */; };
		AFCD77D322E8DC670000302C /* namespaceDAT.cpp in Sources */ = {isa = PBXBuildFile; fileRef = AF5A94FB22B4565000662FAD /* namespaceDAT.cpp */; };
		AFCD77D522E8DCA50000302C /* libcnl-cpp.a in Frameworks */ = {isa = PBXBuildFile; fileRef = AF5A950B22B461C600662FAD /* libcnl-cpp.a */; };
		AFCD77D622E8DCD50000302C /* libboost_system.a in Frameworks */ = {isa = PBXBuildFile; fileRef = AF5A951922B4755C00662FAD /* libboost_system.a */; };
		AFCD77D722E8DE440000302C /* namespaceDAT.plugin in CopyFiles */ = {isa = PBXBuildFile; fileRef = AFCD77D122E8DBFC0000302C /* namespaceDAT.plugin */; };
		AFCD77D822E924530000302C /* libboost_system.a in Frameworks */ = {isa = PBXBuildFile; fileRef = AF5A951922B4755C00662FAD /* libboost_system.a */; };
		AFCD77DE22E9273B0000302C /* faceDAT-external.cpp in Sources */ = {isa = PBXBuildFile; fileRef = AFCD77DC22E9273B0000302C /* faceDAT-external.cpp */; };
		AFCD77E022E974950000302C /* libndn-cpp-tools.a in Frameworks */ = {isa = PBXBuildFile; fileRef = AFCD77DF22E974940000302C /* libndn-cpp-tools.a */; };
		AFCD77E122EA602B0000302C /* face-processor.cpp in Sources */ = {isa = PBXBuildFile; fileRef = AF5A951422B46F8200662FAD /* face-processor.cpp */; };
		AFCD780022F15DF80000302C /* libtouchndn-helper.0.dylib in Frameworks */ = {isa = PBXBuildFile; fileRef = AFCD77FF22F15DF80000302C /* libtouchndn-helper.0.dylib */; };
		AFCD780122F15E050000302C /* libtouchndn-helper.0.dylib in Frameworks */ = {isa = PBXBuildFile; fileRef = AFCD77FF22F15DF80000302C /* libtouchndn-helper.0.dylib */; };
		AFCD780222F15E100000302C /* libtouchndn-helper.0.dylib in Frameworks */ = {isa = PBXBuildFile; fileRef = AFCD77FF22F15DF80000302C /* libtouchndn-helper.0.dylib */; };
/* End PBXBuildFile section */

/* Begin PBXContainerItemProxy section */
		AF8A4CCE22FE489A008A48A5 /* PBXContainerItemProxy */ = {
			isa = PBXContainerItemProxy;
			containerPortal = E227270721B6EE9A00905532 /* Project object */;
			proxyType = 1;
			remoteGlobalIDString = AF8A4CA922FE311E008A48A5;
			remoteInfo = payloadTOP;
		};
		AF97EA6622F5667800F1D604 /* PBXContainerItemProxy */ = {
			isa = PBXContainerItemProxy;
			containerPortal = E227270721B6EE9A00905532 /* Project object */;
			proxyType = 1;
			remoteGlobalIDString = E227270E21B6EE9A00905532;
			remoteInfo = faceDAT;
		};
		AF97EA6822F5667A00F1D604 /* PBXContainerItemProxy */ = {
			isa = PBXContainerItemProxy;
			containerPortal = E227270721B6EE9A00905532 /* Project object */;
			proxyType = 1;
			remoteGlobalIDString = AF70152A22C42EE8009D35F6;
			remoteInfo = keyChainDAT;
		};
		AF9A337322E0F2370070C803 /* PBXContainerItemProxy */ = {
			isa = PBXContainerItemProxy;
			containerPortal = E227270721B6EE9A00905532 /* Project object */;
			proxyType = 1;
			remoteGlobalIDString = AF70152A22C42EE8009D35F6;
			remoteInfo = keyChainDAT;
		};
/* End PBXContainerItemProxy section */

/* Begin PBXCopyFilesBuildPhase section */
		AF5A950122B45A5D00662FAD /* CopyFiles */ = {
			isa = PBXCopyFilesBuildPhase;
			buildActionMask = 2147483647;
			dstPath = "$PROJECT_DIR/touchndn-plugins";
			dstSubfolderSpec = 0;
			files = (
				AF5A950222B45A6D00662FAD /* faceDAT.plugin in CopyFiles */,
			);
			runOnlyForDeploymentPostprocessing = 0;
		};
		AF70153622C42EE8009D35F6 /* CopyFiles */ = {
			isa = PBXCopyFilesBuildPhase;
			buildActionMask = 2147483647;
			dstPath = "$PROJECT_DIR/touchndn-plugins";
			dstSubfolderSpec = 0;
			files = (
				AF70154D22C43293009D35F6 /* keyChainDAT.plugin in CopyFiles */,
			);
			runOnlyForDeploymentPostprocessing = 0;
		};
		AF70154922C42FCB009D35F6 /* Copy Files */ = {
			isa = PBXCopyFilesBuildPhase;
			buildActionMask = 2147483647;
			dstPath = keychain;
			dstSubfolderSpec = 7;
			files = (
				AF70154B22C42FDE009D35F6 /* pib.db in Copy Files */,
			);
			name = "Copy Files";
			runOnlyForDeploymentPostprocessing = 0;
		};
		AF70154A22C42FD2009D35F6 /* CopyFiles */ = {
			isa = PBXCopyFilesBuildPhase;
			buildActionMask = 2147483647;
			dstPath = "keychain/ndnsec-key-file";
			dstSubfolderSpec = 7;
			files = (
				AF70154C22C431CE009D35F6 /* c78624458f1107d962df66aae9fa8a208c8efd70c34ef89cc46ec4e0ad36484a.privkey in CopyFiles */,
			);
			runOnlyForDeploymentPostprocessing = 0;
		};
		AF8A4CBB22FE311E008A48A5 /* CopyFiles */ = {
			isa = PBXCopyFilesBuildPhase;
			buildActionMask = 2147483647;
			dstPath = "$PROJECT_DIR/touchndn-plugins";
			dstSubfolderSpec = 0;
			files = (
				AF8A4CC322FE314D008A48A5 /* payloadTOP.plugin in CopyFiles */,
			);
			runOnlyForDeploymentPostprocessing = 0;
		};
		AFCD77CC22E8DBFC0000302C /* CopyFiles */ = {
			isa = PBXCopyFilesBuildPhase;
			buildActionMask = 2147483647;
			dstPath = "$PROJECT_DIR/touchndn-plugins";
			dstSubfolderSpec = 0;
			files = (
				AFCD77D722E8DE440000302C /* namespaceDAT.plugin in CopyFiles */,
			);
			runOnlyForDeploymentPostprocessing = 0;
		};
/* End PBXCopyFilesBuildPhase section */

/* Begin PBXFileReference section */
		AF120C3A22E678B0008BC7A0 /* keyChainDAT-external.cpp */ = {isa = PBXFileReference; lastKnownFileType = sourcecode.cpp.cpp; name = "keyChainDAT-external.cpp"; path = "src/keyChainDAT/keyChainDAT-external.cpp"; sourceTree = "<group>"; };
		AF120C3B22E678B0008BC7A0 /* keyChainDAT-external.hpp */ = {isa = PBXFileReference; lastKnownFileType = sourcecode.cpp.h; name = "keyChainDAT-external.hpp"; path = "src/keyChainDAT/keyChainDAT-external.hpp"; sourceTree = "<group>"; };
		AF56822B22E0FE130033113F /* libcrypto.1.0.0.dylib */ = {isa = PBXFileReference; lastKnownFileType = "compiled.mach-o.dylib"; name = libcrypto.1.0.0.dylib; path = ../../../../../../../usr/local/Cellar/openssl/1.0.2r/lib/libcrypto.1.0.0.dylib; sourceTree = "<group>"; };
		AF5A94F222B4562F00662FAD /* CPlusPlus_Common.h */ = {isa = PBXFileReference; fileEncoding = 4; lastKnownFileType = sourcecode.c.h; name = CPlusPlus_Common.h; path = src/common/CPlusPlus_Common.h; sourceTree = "<group>"; };
		AF5A94F322B4562F00662FAD /* GL_Extensions.h */ = {isa = PBXFileReference; fileEncoding = 4; lastKnownFileType = sourcecode.c.h; name = GL_Extensions.h; path = src/common/GL_Extensions.h; sourceTree = "<group>"; };
		AF5A94F422B4562F00662FAD /* DAT_CPlusPlusBase.h */ = {isa = PBXFileReference; fileEncoding = 4; lastKnownFileType = sourcecode.c.h; name = DAT_CPlusPlusBase.h; path = src/common/DAT_CPlusPlusBase.h; sourceTree = "<group>"; };
		AF5A94F522B4563E00662FAD /* faceDAT.cpp */ = {isa = PBXFileReference; fileEncoding = 4; lastKnownFileType = sourcecode.cpp.cpp; name = faceDAT.cpp; path = src/faceDAT/faceDAT.cpp; sourceTree = "<group>"; };
		AF5A94F622B4563E00662FAD /* faceDAT.h */ = {isa = PBXFileReference; fileEncoding = 4; lastKnownFileType = sourcecode.c.h; name = faceDAT.h; path = src/faceDAT/faceDAT.h; sourceTree = "<group>"; };
		AF5A94F822B4564800662FAD /* keyChainDAT.cpp */ = {isa = PBXFileReference; fileEncoding = 4; lastKnownFileType = sourcecode.cpp.cpp; name = keyChainDAT.cpp; path = src/keyChainDAT/keyChainDAT.cpp; sourceTree = "<group>"; };
		AF5A94F922B4564800662FAD /* keyChainDAT.h */ = {isa = PBXFileReference; fileEncoding = 4; lastKnownFileType = sourcecode.c.h; name = keyChainDAT.h; path = src/keyChainDAT/keyChainDAT.h; sourceTree = "<group>"; };
		AF5A94FB22B4565000662FAD /* namespaceDAT.cpp */ = {isa = PBXFileReference; fileEncoding = 4; lastKnownFileType = sourcecode.cpp.cpp; name = namespaceDAT.cpp; path = src/namespaceDAT/namespaceDAT.cpp; sourceTree = "<group>"; };
		AF5A94FC22B4565000662FAD /* namespaceDAT.h */ = {isa = PBXFileReference; fileEncoding = 4; lastKnownFileType = sourcecode.c.h; name = namespaceDAT.h; path = src/namespaceDAT/namespaceDAT.h; sourceTree = "<group>"; };
		AF5A94FE22B4566300662FAD /* contentCacheDAT.h */ = {isa = PBXFileReference; fileEncoding = 4; lastKnownFileType = sourcecode.c.h; name = contentCacheDAT.h; path = src/contentCacheDAT/contentCacheDAT.h; sourceTree = "<group>"; };
		AF5A94FF22B4566300662FAD /* contentCacheDAT.cpp */ = {isa = PBXFileReference; fileEncoding = 4; lastKnownFileType = sourcecode.cpp.cpp; name = contentCacheDAT.cpp; path = src/contentCacheDAT/contentCacheDAT.cpp; sourceTree = "<group>"; };
		AF5A950B22B461C600662FAD /* libcnl-cpp.a */ = {isa = PBXFileReference; lastKnownFileType = archive.ar; name = "libcnl-cpp.a"; path = "../../deps/build/lib/libcnl-cpp.a"; sourceTree = "<group>"; };
		AF5A950C22B461C600662FAD /* libndn-cpp.a */ = {isa = PBXFileReference; lastKnownFileType = archive.ar; name = "libndn-cpp.a"; path = "../../deps/build/lib/libndn-cpp.a"; sourceTree = "<group>"; };
		AF5A950F22B4621000662FAD /* baseDAT.cpp */ = {isa = PBXFileReference; lastKnownFileType = sourcecode.cpp.cpp; name = baseDAT.cpp; path = src/common/baseDAT.cpp; sourceTree = "<group>"; };
		AF5A951022B4621000662FAD /* baseDAT.hpp */ = {isa = PBXFileReference; lastKnownFileType = sourcecode.cpp.h; name = baseDAT.hpp; path = src/common/baseDAT.hpp; sourceTree = "<group>"; };
		AF5A951422B46F8200662FAD /* face-processor.cpp */ = {isa = PBXFileReference; fileEncoding = 4; lastKnownFileType = sourcecode.cpp.cpp; name = "face-processor.cpp"; path = "src/faceDAT/face-processor.cpp"; sourceTree = "<group>"; };
		AF5A951522B46F8200662FAD /* face-processor.hpp */ = {isa = PBXFileReference; fileEncoding = 4; lastKnownFileType = sourcecode.cpp.h; name = "face-processor.hpp"; path = "src/faceDAT/face-processor.hpp"; sourceTree = "<group>"; };
		AF5A951922B4755C00662FAD /* libboost_system.a */ = {isa = PBXFileReference; lastKnownFileType = archive.ar; name = libboost_system.a; path = ../../../../../../../usr/local/lib/libboost_system.a; sourceTree = "<group>"; };
		AF5A951D22B4A1F400662FAD /* baseOP.cpp */ = {isa = PBXFileReference; lastKnownFileType = sourcecode.cpp.cpp; name = baseOP.cpp; path = src/common/baseOP.cpp; sourceTree = "<group>"; };
		AF5A951E22B4A1F400662FAD /* baseOP.hpp */ = {isa = PBXFileReference; lastKnownFileType = sourcecode.cpp.h; name = baseOP.hpp; path = src/common/baseOP.hpp; sourceTree = "<group>"; };
		AF70153B22C42EE8009D35F6 /* keyChainDAT.plugin */ = {isa = PBXFileReference; explicitFileType = wrapper.cfbundle; includeInIndex = 0; path = keyChainDAT.plugin; sourceTree = BUILT_PRODUCTS_DIR; };
		AF70153C22C42EE9009D35F6 /* keyChainDAT.plist */ = {isa = PBXFileReference; lastKnownFileType = text.plist.xml; name = keyChainDAT.plist; path = /Users/peetonn/Documents/Work/touchNDN/repo/cpp/keyChainDAT.plist; sourceTree = "<absolute>"; };
		AF70153F22C42F97009D35F6 /* touchdesigner.cert */ = {isa = PBXFileReference; fileEncoding = 4; lastKnownFileType = text; path = touchdesigner.cert; sourceTree = "<group>"; };
		AF70154022C42F97009D35F6 /* policy.conf */ = {isa = PBXFileReference; fileEncoding = 4; lastKnownFileType = text; path = policy.conf; sourceTree = "<group>"; };
		AF70154222C42F97009D35F6 /* pib.db */ = {isa = PBXFileReference; lastKnownFileType = file; path = pib.db; sourceTree = "<group>"; };
		AF70154422C42F97009D35F6 /* c78624458f1107d962df66aae9fa8a208c8efd70c34ef89cc46ec4e0ad36484a.privkey */ = {isa = PBXFileReference; fileEncoding = 4; lastKnownFileType = text; path = c78624458f1107d962df66aae9fa8a208c8efd70c34ef89cc46ec4e0ad36484a.privkey; sourceTree = "<group>"; };
		AF70154E22C4368A009D35F6 /* foundation-helpers.h */ = {isa = PBXFileReference; fileEncoding = 4; lastKnownFileType = sourcecode.c.h; name = "foundation-helpers.h"; path = "src/common/foundation-helpers.h"; sourceTree = "<group>"; };
		AF70154F22C4368A009D35F6 /* foundation-helpers.mm */ = {isa = PBXFileReference; fileEncoding = 4; lastKnownFileType = sourcecode.cpp.objcpp; name = "foundation-helpers.mm"; path = "src/common/foundation-helpers.mm"; sourceTree = "<group>"; };
		AF8A4CA622FE2FF6008A48A5 /* TOP_CPlusPlusBase.h */ = {isa = PBXFileReference; lastKnownFileType = sourcecode.c.h; name = TOP_CPlusPlusBase.h; path = src/common/TOP_CPlusPlusBase.h; sourceTree = "<group>"; };
		AF8A4CA722FE3024008A48A5 /* baseTOP.cpp */ = {isa = PBXFileReference; lastKnownFileType = sourcecode.cpp.cpp; name = baseTOP.cpp; path = src/common/baseTOP.cpp; sourceTree = "<group>"; };
		AF8A4CA822FE3024008A48A5 /* baseTOP.hpp */ = {isa = PBXFileReference; lastKnownFileType = sourcecode.cpp.h; name = baseTOP.hpp; path = src/common/baseTOP.hpp; sourceTree = "<group>"; };
		AF8A4CC022FE311E008A48A5 /* payloadTOP.plugin */ = {isa = PBXFileReference; explicitFileType = wrapper.cfbundle; includeInIndex = 0; path = payloadTOP.plugin; sourceTree = BUILT_PRODUCTS_DIR; };
		AF8A4CC822FE32C2008A48A5 /* payloadTOP.cpp */ = {isa = PBXFileReference; fileEncoding = 4; lastKnownFileType = sourcecode.cpp.cpp; name = payloadTOP.cpp; path = src/payloadTOP/payloadTOP.cpp; sourceTree = "<group>"; };
		AF8A4CC922FE32C2008A48A5 /* payloadTOP.hpp */ = {isa = PBXFileReference; fileEncoding = 4; lastKnownFileType = sourcecode.cpp.h; name = payloadTOP.hpp; path = src/payloadTOP/payloadTOP.hpp; sourceTree = "<group>"; };
		AF8A4CCA22FE32C2008A48A5 /* payloadTOP.plist */ = {isa = PBXFileReference; fileEncoding = 4; lastKnownFileType = text.plist.xml; name = payloadTOP.plist; path = src/payloadTOP/payloadTOP.plist; sourceTree = "<group>"; };
		AF8A4CCC22FE47E6008A48A5 /* OpenGL.framework */ = {isa = PBXFileReference; lastKnownFileType = wrapper.framework; name = OpenGL.framework; path = System/Library/Frameworks/OpenGL.framework; sourceTree = SDKROOT; };
		AFB405F622C2B6D30036C08A /* LICENSE */ = {isa = PBXFileReference; fileEncoding = 4; lastKnownFileType = text; path = LICENSE; sourceTree = "<group>"; };
		AFB405F722C2B6D30036C08A /* apr_base64.c */ = {isa = PBXFileReference; fileEncoding = 4; lastKnownFileType = sourcecode.c.c; path = apr_base64.c; sourceTree = "<group>"; };
		AFB405F822C2B6D30036C08A /* apr_base64.h */ = {isa = PBXFileReference; fileEncoding = 4; lastKnownFileType = sourcecode.c.h; path = apr_base64.h; sourceTree = "<group>"; };
		AFCD77B222E78C410000302C /* key-chain-manager.hpp */ = {isa = PBXFileReference; fileEncoding = 4; lastKnownFileType = sourcecode.cpp.h; name = "key-chain-manager.hpp"; path = "src/keyChainDAT/key-chain-manager.hpp"; sourceTree = "<group>"; };
		AFCD77B322E78C410000302C /* key-chain-manager.cpp */ = {isa = PBXFileReference; fileEncoding = 4; lastKnownFileType = sourcecode.cpp.cpp; name = "key-chain-manager.cpp"; path = "src/keyChainDAT/key-chain-manager.cpp"; sourceTree = "<group>"; };
		AFCD77D122E8DBFC0000302C /* namespaceDAT.plugin */ = {isa = PBXFileReference; explicitFileType = wrapper.cfbundle; includeInIndex = 0; path = namespaceDAT.plugin; sourceTree = BUILT_PRODUCTS_DIR; };
		AFCD77D222E8DBFC0000302C /* namespaceDAT.plist */ = {isa = PBXFileReference; lastKnownFileType = text.plist.xml; name = namespaceDAT.plist; path = /Users/peetonn/Documents/Work/touchNDN/repo/cpp/namespaceDAT.plist; sourceTree = "<absolute>"; };
		AFCD77DC22E9273B0000302C /* faceDAT-external.cpp */ = {isa = PBXFileReference; lastKnownFileType = sourcecode.cpp.cpp; name = "faceDAT-external.cpp"; path = "src/faceDAT/faceDAT-external.cpp"; sourceTree = "<group>"; };
		AFCD77DD22E9273B0000302C /* faceDAT-external.hpp */ = {isa = PBXFileReference; lastKnownFileType = sourcecode.cpp.h; name = "faceDAT-external.hpp"; path = "src/faceDAT/faceDAT-external.hpp"; sourceTree = "<group>"; };
		AFCD77DF22E974940000302C /* libndn-cpp-tools.a */ = {isa = PBXFileReference; lastKnownFileType = archive.ar; name = "libndn-cpp-tools.a"; path = "../../deps/build/lib/libndn-cpp-tools.a"; sourceTree = "<group>"; };
		AFCD77FF22F15DF80000302C /* libtouchndn-helper.0.dylib */ = {isa = PBXFileReference; lastKnownFileType = "compiled.mach-o.dylib"; name = "libtouchndn-helper.0.dylib"; path = "../../../../../../../usr/local/lib/libtouchndn-helper.0.dylib"; sourceTree = "<group>"; };
		E227270F21B6EE9A00905532 /* faceDAT.plugin */ = {isa = PBXFileReference; explicitFileType = wrapper.cfbundle; includeInIndex = 0; path = faceDAT.plugin; sourceTree = BUILT_PRODUCTS_DIR; };
		E227271221B6EE9A00905532 /* Info.plist */ = {isa = PBXFileReference; lastKnownFileType = text.plist.xml; path = Info.plist; sourceTree = "<group>"; };
/* End PBXFileReference section */

/* Begin PBXFrameworksBuildPhase section */
		AF70153122C42EE8009D35F6 /* Frameworks */ = {
			isa = PBXFrameworksBuildPhase;
			buildActionMask = 2147483647;
			files = (
				AFCD780122F15E050000302C /* libtouchndn-helper.0.dylib in Frameworks */,
				AF70153222C42EE8009D35F6 /* libndn-cpp.a in Frameworks */,
			);
			runOnlyForDeploymentPostprocessing = 0;
		};
		AF8A4CB422FE311E008A48A5 /* Frameworks */ = {
			isa = PBXFrameworksBuildPhase;
			buildActionMask = 2147483647;
			files = (
				AF8A4CCD22FE47E6008A48A5 /* OpenGL.framework in Frameworks */,
				AF8A4CB522FE311E008A48A5 /* libtouchndn-helper.0.dylib in Frameworks */,
			);
			runOnlyForDeploymentPostprocessing = 0;
		};
		AFCD77C022E8DBFC0000302C /* Frameworks */ = {
			isa = PBXFrameworksBuildPhase;
			buildActionMask = 2147483647;
			files = (
				AFCD780022F15DF80000302C /* libtouchndn-helper.0.dylib in Frameworks */,
				AFCD77C222E8DBFC0000302C /* libndn-cpp.a in Frameworks */,
				AFCD77D522E8DCA50000302C /* libcnl-cpp.a in Frameworks */,
				AFCD77D822E924530000302C /* libboost_system.a in Frameworks */,
				AFCD77E022E974950000302C /* libndn-cpp-tools.a in Frameworks */,
			);
			runOnlyForDeploymentPostprocessing = 0;
		};
		E227270C21B6EE9A00905532 /* Frameworks */ = {
			isa = PBXFrameworksBuildPhase;
			buildActionMask = 2147483647;
			files = (
				AFCD780222F15E100000302C /* libtouchndn-helper.0.dylib in Frameworks */,
				AF56822D22E0FE800033113F /* libndn-cpp.a in Frameworks */,
				AFCD77D622E8DCD50000302C /* libboost_system.a in Frameworks */,
			);
			runOnlyForDeploymentPostprocessing = 0;
		};
/* End PBXFrameworksBuildPhase section */

/* Begin PBXGroup section */
		AF5A94DC22B4437C00662FAD /* common */ = {
			isa = PBXGroup;
			children = (
				AF70154E22C4368A009D35F6 /* foundation-helpers.h */,
				AF70154F22C4368A009D35F6 /* foundation-helpers.mm */,
				AFB405F422C2B6D30036C08A /* contrib */,
				AF5A94F222B4562F00662FAD /* CPlusPlus_Common.h */,
				AF5A94F422B4562F00662FAD /* DAT_CPlusPlusBase.h */,
				AF8A4CA622FE2FF6008A48A5 /* TOP_CPlusPlusBase.h */,
				AF5A94F322B4562F00662FAD /* GL_Extensions.h */,
				AF5A950F22B4621000662FAD /* baseDAT.cpp */,
				AF5A951022B4621000662FAD /* baseDAT.hpp */,
				AF5A951D22B4A1F400662FAD /* baseOP.cpp */,
				AF5A951E22B4A1F400662FAD /* baseOP.hpp */,
				AF8A4CA722FE3024008A48A5 /* baseTOP.cpp */,
				AF8A4CA822FE3024008A48A5 /* baseTOP.hpp */,
			);
			name = common;
			sourceTree = "<group>";
		};
		AF5A94DD22B4438300662FAD /* faceDAT */ = {
			isa = PBXGroup;
			children = (
				E227271221B6EE9A00905532 /* Info.plist */,
				AF5A951422B46F8200662FAD /* face-processor.cpp */,
				AF5A951522B46F8200662FAD /* face-processor.hpp */,
				AF5A94F522B4563E00662FAD /* faceDAT.cpp */,
				AF5A94F622B4563E00662FAD /* faceDAT.h */,
				AFCD77DC22E9273B0000302C /* faceDAT-external.cpp */,
				AFCD77DD22E9273B0000302C /* faceDAT-external.hpp */,
			);
			name = faceDAT;
			sourceTree = "<group>";
		};
		AF5A94DE22B4438900662FAD /* keyChainDAT */ = {
			isa = PBXGroup;
			children = (
				AF70153C22C42EE9009D35F6 /* keyChainDAT.plist */,
				AFCD77B322E78C410000302C /* key-chain-manager.cpp */,
				AFCD77B222E78C410000302C /* key-chain-manager.hpp */,
				AF70153E22C42F97009D35F6 /* res */,
				AF5A94F822B4564800662FAD /* keyChainDAT.cpp */,
				AF5A94F922B4564800662FAD /* keyChainDAT.h */,
				AF120C3A22E678B0008BC7A0 /* keyChainDAT-external.cpp */,
				AF120C3B22E678B0008BC7A0 /* keyChainDAT-external.hpp */,
			);
			name = keyChainDAT;
			sourceTree = "<group>";
		};
		AF5A94DF22B4439300662FAD /* namespaceDAT */ = {
			isa = PBXGroup;
			children = (
				AFCD77D222E8DBFC0000302C /* namespaceDAT.plist */,
				AF5A94FB22B4565000662FAD /* namespaceDAT.cpp */,
				AF5A94FC22B4565000662FAD /* namespaceDAT.h */,
			);
			name = namespaceDAT;
			sourceTree = "<group>";
		};
		AF5A94E022B4439D00662FAD /* contentCacheDAT */ = {
			isa = PBXGroup;
			children = (
				AF5A94FF22B4566300662FAD /* contentCacheDAT.cpp */,
				AF5A94FE22B4566300662FAD /* contentCacheDAT.h */,
			);
			name = contentCacheDAT;
			sourceTree = "<group>";
		};
		AF5A950A22B461B200662FAD /* deps */ = {
			isa = PBXGroup;
			children = (
				AFCD77DF22E974940000302C /* libndn-cpp-tools.a */,
				AF5A951922B4755C00662FAD /* libboost_system.a */,
				AF5A950B22B461C600662FAD /* libcnl-cpp.a */,
				AF5A950C22B461C600662FAD /* libndn-cpp.a */,
			);
			name = deps;
			sourceTree = "<group>";
		};
		AF5A951222B46D3100662FAD /* Frameworks */ = {
			isa = PBXGroup;
			children = (
				AF8A4CCC22FE47E6008A48A5 /* OpenGL.framework */,
				AFCD77FF22F15DF80000302C /* libtouchndn-helper.0.dylib */,
				AF56822B22E0FE130033113F /* libcrypto.1.0.0.dylib */,
			);
			name = Frameworks;
			sourceTree = "<group>";
		};
		AF70153E22C42F97009D35F6 /* res */ = {
			isa = PBXGroup;
			children = (
				AF70153F22C42F97009D35F6 /* touchdesigner.cert */,
				AF70154022C42F97009D35F6 /* policy.conf */,
				AF70154122C42F97009D35F6 /* keychain */,
			);
			name = res;
			path = src/keyChainDAT/res;
			sourceTree = "<group>";
		};
		AF70154122C42F97009D35F6 /* keychain */ = {
			isa = PBXGroup;
			children = (
				AF70154222C42F97009D35F6 /* pib.db */,
				AF70154322C42F97009D35F6 /* ndnsec-key-file */,
			);
			path = keychain;
			sourceTree = "<group>";
		};
		AF70154322C42F97009D35F6 /* ndnsec-key-file */ = {
			isa = PBXGroup;
			children = (
				AF70154422C42F97009D35F6 /* c78624458f1107d962df66aae9fa8a208c8efd70c34ef89cc46ec4e0ad36484a.privkey */,
			);
			path = "ndnsec-key-file";
			sourceTree = "<group>";
		};
		AF8A4CC722FE328E008A48A5 /* payloadTOP */ = {
			isa = PBXGroup;
			children = (
				AF8A4CC822FE32C2008A48A5 /* payloadTOP.cpp */,
				AF8A4CC922FE32C2008A48A5 /* payloadTOP.hpp */,
				AF8A4CCA22FE32C2008A48A5 /* payloadTOP.plist */,
			);
			name = payloadTOP;
			sourceTree = "<group>";
		};
		AFB405F422C2B6D30036C08A /* contrib */ = {
			isa = PBXGroup;
			children = (
				AFB405F522C2B6D30036C08A /* apache */,
			);
			name = contrib;
			path = src/common/contrib;
			sourceTree = "<group>";
		};
		AFB405F522C2B6D30036C08A /* apache */ = {
			isa = PBXGroup;
			children = (
				AFB405F622C2B6D30036C08A /* LICENSE */,
				AFB405F722C2B6D30036C08A /* apr_base64.c */,
				AFB405F822C2B6D30036C08A /* apr_base64.h */,
			);
			path = apache;
			sourceTree = "<group>";
		};
		E227270621B6EE9A00905532 = {
			isa = PBXGroup;
			children = (
				AF5A950A22B461B200662FAD /* deps */,
				E227271121B6EE9A00905532 /* touchNDN */,
				E227271021B6EE9A00905532 /* Products */,
				AF5A951222B46D3100662FAD /* Frameworks */,
			);
			sourceTree = "<group>";
		};
		E227271021B6EE9A00905532 /* Products */ = {
			isa = PBXGroup;
			children = (
				E227270F21B6EE9A00905532 /* faceDAT.plugin */,
				AF70153B22C42EE8009D35F6 /* keyChainDAT.plugin */,
				AFCD77D122E8DBFC0000302C /* namespaceDAT.plugin */,
				AF8A4CC022FE311E008A48A5 /* payloadTOP.plugin */,
			);
			name = Products;
			sourceTree = "<group>";
		};
		E227271121B6EE9A00905532 /* touchNDN */ = {
			isa = PBXGroup;
			children = (
				AF8A4CC722FE328E008A48A5 /* payloadTOP */,
				AF5A94E022B4439D00662FAD /* contentCacheDAT */,
				AF5A94DF22B4439300662FAD /* namespaceDAT */,
				AF5A94DE22B4438900662FAD /* keyChainDAT */,
				AF5A94DD22B4438300662FAD /* faceDAT */,
				AF5A94DC22B4437C00662FAD /* common */,
			);
			name = touchNDN;
			sourceTree = "<group>";
		};
/* End PBXGroup section */

/* Begin PBXNativeTarget section */
		AF70152A22C42EE8009D35F6 /* keyChainDAT */ = {
			isa = PBXNativeTarget;
			buildConfigurationList = AF70153822C42EE8009D35F6 /* Build configuration list for PBXNativeTarget "keyChainDAT" */;
			buildPhases = (
				AF70152B22C42EE8009D35F6 /* Sources */,
				AF70153122C42EE8009D35F6 /* Frameworks */,
				AF70153422C42EE8009D35F6 /* Resources */,
				AF70154922C42FCB009D35F6 /* Copy Files */,
				AF70154A22C42FD2009D35F6 /* CopyFiles */,
				AFDEA7BA22E0F6BE00512B57 /* ShellScript */,
				AF70153622C42EE8009D35F6 /* CopyFiles */,
			);
			buildRules = (
			);
			dependencies = (
			);
			name = keyChainDAT;
			productName = CPlusPlusDATExample;
			productReference = AF70153B22C42EE8009D35F6 /* keyChainDAT.plugin */;
			productType = "com.apple.product-type.bundle";
		};
		AF8A4CA922FE311E008A48A5 /* payloadTOP */ = {
			isa = PBXNativeTarget;
			buildConfigurationList = AF8A4CBD22FE311E008A48A5 /* Build configuration list for PBXNativeTarget "payloadTOP" */;
			buildPhases = (
				AF8A4CAE22FE311E008A48A5 /* Sources */,
				AF8A4CB422FE311E008A48A5 /* Frameworks */,
				AF8A4CBA22FE311E008A48A5 /* ShellScript */,
				AF8A4CBB22FE311E008A48A5 /* CopyFiles */,
			);
			buildRules = (
			);
			dependencies = (
			);
			name = payloadTOP;
			productName = CPlusPlusDATExample;
			productReference = AF8A4CC022FE311E008A48A5 /* payloadTOP.plugin */;
			productType = "com.apple.product-type.bundle";
		};
		AFCD77B722E8DBFC0000302C /* namespaceDAT */ = {
			isa = PBXNativeTarget;
			buildConfigurationList = AFCD77CE22E8DBFC0000302C /* Build configuration list for PBXNativeTarget "namespaceDAT" */;
			buildPhases = (
				AFCD77B822E8DBFC0000302C /* Sources */,
				AFCD77C022E8DBFC0000302C /* Frameworks */,
				AFCD77CB22E8DBFC0000302C /* ShellScript */,
				AFCD77CC22E8DBFC0000302C /* CopyFiles */,
			);
			buildRules = (
			);
			dependencies = (
				AF97EA6722F5667800F1D604 /* PBXTargetDependency */,
				AF97EA6922F5667A00F1D604 /* PBXTargetDependency */,
				AF8A4CCF22FE489A008A48A5 /* PBXTargetDependency */,
			);
			name = namespaceDAT;
			productName = CPlusPlusDATExample;
			productReference = AFCD77D122E8DBFC0000302C /* namespaceDAT.plugin */;
			productType = "com.apple.product-type.bundle";
		};
		E227270E21B6EE9A00905532 /* faceDAT */ = {
			isa = PBXNativeTarget;
			buildConfigurationList = E227271521B6EE9A00905532 /* Build configuration list for PBXNativeTarget "faceDAT" */;
			buildPhases = (
				E227270B21B6EE9A00905532 /* Sources */,
				E227270C21B6EE9A00905532 /* Frameworks */,
				E227270D21B6EE9A00905532 /* Resources */,
				AF9A337522E0F3E20070C803 /* ShellScript */,
				AF5A950122B45A5D00662FAD /* CopyFiles */,
			);
			buildRules = (
			);
			dependencies = (
				AF9A337422E0F2370070C803 /* PBXTargetDependency */,
			);
			name = faceDAT;
			productName = CPlusPlusDATExample;
			productReference = E227270F21B6EE9A00905532 /* faceDAT.plugin */;
			productType = "com.apple.product-type.bundle";
		};
/* End PBXNativeTarget section */

/* Begin PBXProject section */
		E227270721B6EE9A00905532 /* Project object */ = {
			isa = PBXProject;
			attributes = {
				LastUpgradeCheck = 1010;
				ORGANIZATIONNAME = Derivative;
				TargetAttributes = {
					E227270E21B6EE9A00905532 = {
						CreatedOnToolsVersion = 10.1;
					};
				};
			};
			buildConfigurationList = E227270A21B6EE9A00905532 /* Build configuration list for PBXProject "touchNDN" */;
			compatibilityVersion = "Xcode 9.3";
			developmentRegion = en;
			hasScannedForEncodings = 0;
			knownRegions = (
				en,
			);
			mainGroup = E227270621B6EE9A00905532;
			productRefGroup = E227271021B6EE9A00905532 /* Products */;
			projectDirPath = "";
			projectRoot = "";
			targets = (
				E227270E21B6EE9A00905532 /* faceDAT */,
				AF70152A22C42EE8009D35F6 /* keyChainDAT */,
				AFCD77B722E8DBFC0000302C /* namespaceDAT */,
				AF8A4CA922FE311E008A48A5 /* payloadTOP */,
			);
		};
/* End PBXProject section */

/* Begin PBXResourcesBuildPhase section */
		AF70153422C42EE8009D35F6 /* Resources */ = {
			isa = PBXResourcesBuildPhase;
			buildActionMask = 2147483647;
			files = (
				AF70154522C42F97009D35F6 /* touchdesigner.cert in Resources */,
				AF70154622C42F97009D35F6 /* policy.conf in Resources */,
			);
			runOnlyForDeploymentPostprocessing = 0;
		};
		E227270D21B6EE9A00905532 /* Resources */ = {
			isa = PBXResourcesBuildPhase;
			buildActionMask = 2147483647;
			files = (
				AFB405F922C2B6D30036C08A /* LICENSE in Resources */,
			);
			runOnlyForDeploymentPostprocessing = 0;
		};
/* End PBXResourcesBuildPhase section */

/* Begin PBXShellScriptBuildPhase section */
		AF8A4CBA22FE311E008A48A5 /* ShellScript */ = {
			isa = PBXShellScriptBuildPhase;
			buildActionMask = 2147483647;
			files = (
			);
			inputFileListPaths = (
			);
			inputPaths = (
			);
			outputFileListPaths = (
			);
			outputPaths = (
			);
			runOnlyForDeploymentPostprocessing = 0;
			shellPath = /bin/sh;
			shellScript = "if [ `command -v dylibbundler` ]; then\npluginPath=\"${BUILT_PRODUCTS_DIR}/${PRODUCT_NAME}.plugin/Contents/MacOS/${PRODUCT_NAME}\"\ndepsPath=\"${BUILT_PRODUCTS_DIR}/${PRODUCT_NAME}.plugin/Contents/libs\"\nloaderPath=\"@loader_path/../libs\" \nprintf 'quit' | dylibbundler -od -b -x $pluginPath -d $depsPath -p $loaderPath -i /usr/local/lib || true\nelse\necho \"Can't create deployable plugins - dylibbundler needed!\"\necho \"dylibbundler was not found. Install it from https://github.com/auriamg/macdylibbundler\"\nfi\n";
		};
		AF9A337522E0F3E20070C803 /* ShellScript */ = {
			isa = PBXShellScriptBuildPhase;
			buildActionMask = 2147483647;
			files = (
			);
			inputFileListPaths = (
			);
			inputPaths = (
			);
			outputFileListPaths = (
			);
			outputPaths = (
			);
			runOnlyForDeploymentPostprocessing = 0;
			shellPath = /bin/sh;
			shellScript = "if [ `command -v dylibbundler` ]; then\npluginPath=\"${BUILT_PRODUCTS_DIR}/${PRODUCT_NAME}.plugin/Contents/MacOS/${PRODUCT_NAME}\"\ndepsPath=\"${BUILT_PRODUCTS_DIR}/${PRODUCT_NAME}.plugin/Contents/libs\"\nloaderPath=\"@loader_path/../libs\"\nprintf 'quit' | dylibbundler -od -b -x $pluginPath -d $depsPath -p $loaderPath -i /usr/local/lib || true\nelse\necho \"Can't create deployable plugins - dylibbundler needed!\"\necho \"dylibbundler was not found. Install it from https://github.com/auriamg/macdylibbundler\"\nfi\n";
		};
		AFCD77CB22E8DBFC0000302C /* ShellScript */ = {
			isa = PBXShellScriptBuildPhase;
			buildActionMask = 2147483647;
			files = (
			);
			inputFileListPaths = (
			);
			inputPaths = (
			);
			outputFileListPaths = (
			);
			outputPaths = (
			);
			runOnlyForDeploymentPostprocessing = 0;
			shellPath = /bin/sh;
			shellScript = "if [ `command -v dylibbundler` ]; then\npluginPath=\"${BUILT_PRODUCTS_DIR}/${PRODUCT_NAME}.plugin/Contents/MacOS/${PRODUCT_NAME}\"\ndepsPath=\"${BUILT_PRODUCTS_DIR}/${PRODUCT_NAME}.plugin/Contents/libs\"\nloaderPath=\"@loader_path/../libs\" \nprintf 'quit' | dylibbundler -od -b -x $pluginPath -d $depsPath -p $loaderPath -i /usr/local/lib || true\nelse\necho \"Can't create deployable plugins - dylibbundler needed!\"\necho \"dylibbundler was not found. Install it from https://github.com/auriamg/macdylibbundler\"\nfi\n";
		};
		AFDEA7BA22E0F6BE00512B57 /* ShellScript */ = {
			isa = PBXShellScriptBuildPhase;
			buildActionMask = 2147483647;
			files = (
			);
			inputFileListPaths = (
			);
			inputPaths = (
			);
			outputFileListPaths = (
			);
			outputPaths = (
			);
			runOnlyForDeploymentPostprocessing = 0;
			shellPath = /bin/sh;
			shellScript = "if [ `command -v dylibbundler` ]; then\npluginPath=\"${BUILT_PRODUCTS_DIR}/${PRODUCT_NAME}.plugin/Contents/MacOS/${PRODUCT_NAME}\"\ndepsPath=\"${BUILT_PRODUCTS_DIR}/${PRODUCT_NAME}.plugin/Contents/libs\"\nloaderPath=\"@loader_path/../libs\" \nprintf 'quit' | dylibbundler -od -b -x $pluginPath -d $depsPath -p $loaderPath -i /usr/local/lib || true\nelse\necho \"Can't create deployable plugins - dylibbundler needed!\"\necho \"dylibbundler was not found. Install it from https://github.com/auriamg/macdylibbundler\"\nfi\n";
		};
/* End PBXShellScriptBuildPhase section */

/* Begin PBXSourcesBuildPhase section */
		AF70152B22C42EE8009D35F6 /* Sources */ = {
			isa = PBXSourcesBuildPhase;
			buildActionMask = 2147483647;
			files = (
				AF70152C22C42EE8009D35F6 /* baseDAT.cpp in Sources */,
				AFCD77B422E78C410000302C /* key-chain-manager.cpp in Sources */,
				AF70152D22C42EE8009D35F6 /* baseOP.cpp in Sources */,
				AF120C3C22E678B0008BC7A0 /* keyChainDAT-external.cpp in Sources */,
				AF70152F22C42EE8009D35F6 /* apr_base64.c in Sources */,
				AF70155022C4368A009D35F6 /* foundation-helpers.mm in Sources */,
				AF70153D22C42F07009D35F6 /* keyChainDAT.cpp in Sources */,
			);
			runOnlyForDeploymentPostprocessing = 0;
		};
		AF8A4CAE22FE311E008A48A5 /* Sources */ = {
			isa = PBXSourcesBuildPhase;
			buildActionMask = 2147483647;
			files = (
				AF8A4CB022FE311E008A48A5 /* baseOP.cpp in Sources */,
				AF8A4CCB22FE32C2008A48A5 /* payloadTOP.cpp in Sources */,
				AF8A4CC222FE313A008A48A5 /* baseTOP.cpp in Sources */,
			);
			runOnlyForDeploymentPostprocessing = 0;
		};
		AFCD77B822E8DBFC0000302C /* Sources */ = {
			isa = PBXSourcesBuildPhase;
			buildActionMask = 2147483647;
			files = (
				AFCD77B922E8DBFC0000302C /* baseDAT.cpp in Sources */,
				AFCD77BB22E8DBFC0000302C /* baseOP.cpp in Sources */,
				AFCD77BD22E8DBFC0000302C /* apr_base64.c in Sources */,
				AFCD77E122EA602B0000302C /* face-processor.cpp in Sources */,
				AFCD77D322E8DC670000302C /* namespaceDAT.cpp in Sources */,
			);
			runOnlyForDeploymentPostprocessing = 0;
		};
		E227270B21B6EE9A00905532 /* Sources */ = {
			isa = PBXSourcesBuildPhase;
			buildActionMask = 2147483647;
			files = (
				AF5A951122B4621000662FAD /* baseDAT.cpp in Sources */,
				AF5A951B22B4758400662FAD /* face-processor.cpp in Sources */,
				AFB405FA22C2B6D30036C08A /* apr_base64.c in Sources */,
				AFCD77DE22E9273B0000302C /* faceDAT-external.cpp in Sources */,
				AF5A94F722B4563E00662FAD /* faceDAT.cpp in Sources */,
				AF120C3D22E68828008BC7A0 /* baseOP.cpp in Sources */,
			);
			runOnlyForDeploymentPostprocessing = 0;
		};
/* End PBXSourcesBuildPhase section */

/* Begin PBXTargetDependency section */
		AF8A4CCF22FE489A008A48A5 /* PBXTargetDependency */ = {
			isa = PBXTargetDependency;
			target = AF8A4CA922FE311E008A48A5 /* payloadTOP */;
			targetProxy = AF8A4CCE22FE489A008A48A5 /* PBXContainerItemProxy */;
		};
		AF97EA6722F5667800F1D604 /* PBXTargetDependency */ = {
			isa = PBXTargetDependency;
			target = E227270E21B6EE9A00905532 /* faceDAT */;
			targetProxy = AF97EA6622F5667800F1D604 /* PBXContainerItemProxy */;
		};
		AF97EA6922F5667A00F1D604 /* PBXTargetDependency */ = {
			isa = PBXTargetDependency;
			target = AF70152A22C42EE8009D35F6 /* keyChainDAT */;
			targetProxy = AF97EA6822F5667A00F1D604 /* PBXContainerItemProxy */;
		};
		AF9A337422E0F2370070C803 /* PBXTargetDependency */ = {
			isa = PBXTargetDependency;
			target = AF70152A22C42EE8009D35F6 /* keyChainDAT */;
			targetProxy = AF9A337322E0F2370070C803 /* PBXContainerItemProxy */;
		};
/* End PBXTargetDependency section */

/* Begin XCBuildConfiguration section */
		AF70153922C42EE8009D35F6 /* Debug */ = {
			isa = XCBuildConfiguration;
			buildSettings = {
				CODE_SIGN_STYLE = Automatic;
				COMBINE_HIDPI_IMAGES = YES;
				INFOPLIST_FILE = keyChainDAT.plist;
				INSTALL_PATH = /;
				PRODUCT_BUNDLE_IDENTIFIER = edu.ucla.remap.touchNDN.keyChainDAT;
				PRODUCT_NAME = "$(TARGET_NAME)";
				WRAPPER_EXTENSION = plugin;
			};
			name = Debug;
		};
		AF70153A22C42EE8009D35F6 /* Release */ = {
			isa = XCBuildConfiguration;
			buildSettings = {
				CODE_SIGN_STYLE = Automatic;
				COMBINE_HIDPI_IMAGES = YES;
				INFOPLIST_FILE = keyChainDAT.plist;
				INSTALL_PATH = /;
				PRODUCT_BUNDLE_IDENTIFIER = edu.ucla.remap.touchNDN.keyChainDAT;
				PRODUCT_NAME = "$(TARGET_NAME)";
				WRAPPER_EXTENSION = plugin;
			};
			name = Release;
		};
		AF8A4CBE22FE311E008A48A5 /* Debug */ = {
			isa = XCBuildConfiguration;
			buildSettings = {
				CODE_SIGN_STYLE = Automatic;
				COMBINE_HIDPI_IMAGES = YES;
				INFOPLIST_FILE = "$(SRCROOT)/src/payloadTOP/payloadTOP.plist";
				INSTALL_PATH = /;
				PRODUCT_BUNDLE_IDENTIFIER = edu.ucla.remap.touchNDN.payloadTOP;
				PRODUCT_NAME = "$(TARGET_NAME)";
				WRAPPER_EXTENSION = plugin;
			};
			name = Debug;
		};
		AF8A4CBF22FE311E008A48A5 /* Release */ = {
			isa = XCBuildConfiguration;
			buildSettings = {
				CODE_SIGN_STYLE = Automatic;
				COMBINE_HIDPI_IMAGES = YES;
				INFOPLIST_FILE = "$(SRCROOT)/src/payloadTOP/payloadTOP.plist";
				INSTALL_PATH = /;
				PRODUCT_BUNDLE_IDENTIFIER = edu.ucla.remap.touchNDN.payloadTOP;
				PRODUCT_NAME = "$(TARGET_NAME)";
				WRAPPER_EXTENSION = plugin;
			};
			name = Release;
		};
		AFCD77CF22E8DBFC0000302C /* Debug */ = {
			isa = XCBuildConfiguration;
			buildSettings = {
				CODE_SIGN_STYLE = Automatic;
				COMBINE_HIDPI_IMAGES = YES;
				INFOPLIST_FILE = namespaceDAT.plist;
				INSTALL_PATH = /;
				PRODUCT_BUNDLE_IDENTIFIER = edu.ucla.remap.touchNDN.namespaceDAT;
				PRODUCT_NAME = "$(TARGET_NAME)";
				WRAPPER_EXTENSION = plugin;
			};
			name = Debug;
		};
		AFCD77D022E8DBFC0000302C /* Release */ = {
			isa = XCBuildConfiguration;
			buildSettings = {
				CODE_SIGN_STYLE = Automatic;
				COMBINE_HIDPI_IMAGES = YES;
				INFOPLIST_FILE = namespaceDAT.plist;
				INSTALL_PATH = /;
				PRODUCT_BUNDLE_IDENTIFIER = edu.ucla.remap.touchNDN.namespaceDAT;
				PRODUCT_NAME = "$(TARGET_NAME)";
				WRAPPER_EXTENSION = plugin;
			};
			name = Release;
		};
		E227271321B6EE9A00905532 /* Debug */ = {
			isa = XCBuildConfiguration;
			buildSettings = {
				ALWAYS_SEARCH_USER_PATHS = NO;
				CLANG_ANALYZER_NONNULL = YES;
				CLANG_ANALYZER_NUMBER_OBJECT_CONVERSION = YES_AGGRESSIVE;
				CLANG_CXX_LANGUAGE_STANDARD = "gnu++14";
				CLANG_CXX_LIBRARY = "libc++";
				CLANG_ENABLE_MODULES = YES;
				CLANG_ENABLE_OBJC_ARC = YES;
				CLANG_ENABLE_OBJC_WEAK = YES;
				CLANG_WARN_BLOCK_CAPTURE_AUTORELEASING = YES;
				CLANG_WARN_BOOL_CONVERSION = YES;
				CLANG_WARN_COMMA = YES;
				CLANG_WARN_CONSTANT_CONVERSION = YES;
				CLANG_WARN_DEPRECATED_OBJC_IMPLEMENTATIONS = YES;
				CLANG_WARN_DIRECT_OBJC_ISA_USAGE = YES_ERROR;
				CLANG_WARN_DOCUMENTATION_COMMENTS = YES;
				CLANG_WARN_EMPTY_BODY = YES;
				CLANG_WARN_ENUM_CONVERSION = YES;
				CLANG_WARN_INFINITE_RECURSION = YES;
				CLANG_WARN_INT_CONVERSION = YES;
				CLANG_WARN_NON_LITERAL_NULL_CONVERSION = YES;
				CLANG_WARN_OBJC_IMPLICIT_RETAIN_SELF = YES;
				CLANG_WARN_OBJC_LITERAL_CONVERSION = YES;
				CLANG_WARN_OBJC_ROOT_CLASS = YES_ERROR;
				CLANG_WARN_RANGE_LOOP_ANALYSIS = YES;
				CLANG_WARN_STRICT_PROTOTYPES = YES;
				CLANG_WARN_SUSPICIOUS_MOVE = YES;
				CLANG_WARN_UNGUARDED_AVAILABILITY = YES_AGGRESSIVE;
				CLANG_WARN_UNREACHABLE_CODE = YES;
				CLANG_WARN__DUPLICATE_METHOD_MATCH = YES;
				CODE_SIGN_IDENTITY = "-";
				COPY_PHASE_STRIP = NO;
				DEBUG_INFORMATION_FORMAT = dwarf;
				ENABLE_STRICT_OBJC_MSGSEND = YES;
				ENABLE_TESTABILITY = YES;
				GCC_C_LANGUAGE_STANDARD = gnu11;
				GCC_DYNAMIC_NO_PIC = NO;
				GCC_NO_COMMON_BLOCKS = YES;
				GCC_OPTIMIZATION_LEVEL = 0;
				GCC_PREPROCESSOR_DEFINITIONS = (
					"DEBUG=1",
					"PRODUCT_NAME=${PRODUCT_NAME}",
				);
				GCC_WARN_64_TO_32_BIT_CONVERSION = YES;
				GCC_WARN_ABOUT_RETURN_TYPE = YES_ERROR;
				GCC_WARN_UNDECLARED_SELECTOR = YES;
				GCC_WARN_UNINITIALIZED_AUTOS = YES_AGGRESSIVE;
				GCC_WARN_UNUSED_FUNCTION = YES;
				GCC_WARN_UNUSED_VARIABLE = YES;
				HEADER_SEARCH_PATHS = (
					$PROJECT_DIR/src,
					$LIBNDNRTC_INSTALL_DIR/include,
					$LIBCNLCPP_INSTALL_DIR/include,
					$LIBNDNCPP_INSTALL_DIR/include,
					/usr/local/include,
				);
				LIBCNLCPP_INSTALL_DIR = $PROJECT_DIR/../../deps/build;
				LIBNDNCPP_INSTALL_DIR = $PROJECT_DIR/../../deps/build;
				LIBNDNRTC_INSTALL_DIR = "";
				LIBRARY_SEARCH_PATHS = (
					$LIBNDNRTC_INSTALL_DIR/lib,
					$LIBNDNCPP_INSTALL_DIR/lib,
					$LIBCNLCPP_INSTALL_DIR/lib,
					/usr/local/lib,
				);
				MACOSX_DEPLOYMENT_TARGET = 10.14;
				MTL_ENABLE_DEBUG_INFO = INCLUDE_SOURCE;
				MTL_FAST_MATH = YES;
				ONLY_ACTIVE_ARCH = YES;
				SDKROOT = macosx;
			};
			name = Debug;
		};
		E227271421B6EE9A00905532 /* Release */ = {
			isa = XCBuildConfiguration;
			buildSettings = {
				ALWAYS_SEARCH_USER_PATHS = NO;
				CLANG_ANALYZER_NONNULL = YES;
				CLANG_ANALYZER_NUMBER_OBJECT_CONVERSION = YES_AGGRESSIVE;
				CLANG_CXX_LANGUAGE_STANDARD = "gnu++14";
				CLANG_CXX_LIBRARY = "libc++";
				CLANG_ENABLE_MODULES = YES;
				CLANG_ENABLE_OBJC_ARC = YES;
				CLANG_ENABLE_OBJC_WEAK = YES;
				CLANG_WARN_BLOCK_CAPTURE_AUTORELEASING = YES;
				CLANG_WARN_BOOL_CONVERSION = YES;
				CLANG_WARN_COMMA = YES;
				CLANG_WARN_CONSTANT_CONVERSION = YES;
				CLANG_WARN_DEPRECATED_OBJC_IMPLEMENTATIONS = YES;
				CLANG_WARN_DIRECT_OBJC_ISA_USAGE = YES_ERROR;
				CLANG_WARN_DOCUMENTATION_COMMENTS = YES;
				CLANG_WARN_EMPTY_BODY = YES;
				CLANG_WARN_ENUM_CONVERSION = YES;
				CLANG_WARN_INFINITE_RECURSION = YES;
				CLANG_WARN_INT_CONVERSION = YES;
				CLANG_WARN_NON_LITERAL_NULL_CONVERSION = YES;
				CLANG_WARN_OBJC_IMPLICIT_RETAIN_SELF = YES;
				CLANG_WARN_OBJC_LITERAL_CONVERSION = YES;
				CLANG_WARN_OBJC_ROOT_CLASS = YES_ERROR;
				CLANG_WARN_RANGE_LOOP_ANALYSIS = YES;
				CLANG_WARN_STRICT_PROTOTYPES = YES;
				CLANG_WARN_SUSPICIOUS_MOVE = YES;
				CLANG_WARN_UNGUARDED_AVAILABILITY = YES_AGGRESSIVE;
				CLANG_WARN_UNREACHABLE_CODE = YES;
				CLANG_WARN__DUPLICATE_METHOD_MATCH = YES;
				CODE_SIGN_IDENTITY = "-";
				COPY_PHASE_STRIP = NO;
				DEBUG_INFORMATION_FORMAT = "dwarf-with-dsym";
				ENABLE_NS_ASSERTIONS = NO;
				ENABLE_STRICT_OBJC_MSGSEND = YES;
				GCC_C_LANGUAGE_STANDARD = gnu11;
				GCC_NO_COMMON_BLOCKS = YES;
				GCC_PREPROCESSOR_DEFINITIONS = "PRODUCT_NAME=${PRODUCT_NAME}";
				GCC_WARN_64_TO_32_BIT_CONVERSION = YES;
				GCC_WARN_ABOUT_RETURN_TYPE = YES_ERROR;
				GCC_WARN_UNDECLARED_SELECTOR = YES;
				GCC_WARN_UNINITIALIZED_AUTOS = YES_AGGRESSIVE;
				GCC_WARN_UNUSED_FUNCTION = YES;
				GCC_WARN_UNUSED_VARIABLE = YES;
				HEADER_SEARCH_PATHS = (
					$PROJECT_DIR/src,
					$LIBNDNRTC_INSTALL_DIR/include,
					$LIBCNLCPP_INSTALL_DIR/include,
					$LIBNDNCPP_INSTALL_DIR/include,
					/usr/local/include,
				);
				LIBCNLCPP_INSTALL_DIR = $PROJECT_DIR/../../deps/build;
				LIBNDNCPP_INSTALL_DIR = $PROJECT_DIR/../../deps/build;
				LIBNDNRTC_INSTALL_DIR = "";
				LIBRARY_SEARCH_PATHS = (
					$LIBNDNRTC_INSTALL_DIR/lib,
					$LIBNDNCPP_INSTALL_DIR/lib,
					$LIBCNLCPP_INSTALL_DIR/lib,
					/usr/local/lib,
				);
				MACOSX_DEPLOYMENT_TARGET = 10.14;
				MTL_ENABLE_DEBUG_INFO = NO;
				MTL_FAST_MATH = YES;
				SDKROOT = macosx;
			};
			name = Release;
		};
		E227271621B6EE9A00905532 /* Debug */ = {
			isa = XCBuildConfiguration;
			buildSettings = {
				CODE_SIGN_STYLE = Automatic;
				COMBINE_HIDPI_IMAGES = YES;
				INFOPLIST_FILE = "$(SRCROOT)/Info.plist";
				INSTALL_PATH = /;
				LIBRARY_SEARCH_PATHS = (
					"$(inherited)",
					/usr/local/Cellar/openssl/1.0.2r/lib,
				);
				PRODUCT_BUNDLE_IDENTIFIER = edu.ucla.remap.touchNDN.faceDAT;
				PRODUCT_NAME = "$(TARGET_NAME)";
				WRAPPER_EXTENSION = plugin;
			};
			name = Debug;
		};
		E227271721B6EE9A00905532 /* Release */ = {
			isa = XCBuildConfiguration;
			buildSettings = {
				CODE_SIGN_STYLE = Automatic;
				COMBINE_HIDPI_IMAGES = YES;
				INFOPLIST_FILE = "$(SRCROOT)/Info.plist";
				INSTALL_PATH = /;
				LIBRARY_SEARCH_PATHS = (
					"$(inherited)",
					/usr/local/Cellar/openssl/1.0.2r/lib,
				);
				PRODUCT_BUNDLE_IDENTIFIER = edu.ucla.remap.touchNDN.faceDAT;
				PRODUCT_NAME = "$(TARGET_NAME)";
				WRAPPER_EXTENSION = plugin;
			};
			name = Release;
		};
/* End XCBuildConfiguration section */

/* Begin XCConfigurationList section */
		AF70153822C42EE8009D35F6 /* Build configuration list for PBXNativeTarget "keyChainDAT" */ = {
			isa = XCConfigurationList;
			buildConfigurations = (
				AF70153922C42EE8009D35F6 /* Debug */,
				AF70153A22C42EE8009D35F6 /* Release */,
			);
			defaultConfigurationIsVisible = 0;
			defaultConfigurationName = Release;
		};
		AF8A4CBD22FE311E008A48A5 /* Build configuration list for PBXNativeTarget "payloadTOP" */ = {
			isa = XCConfigurationList;
			buildConfigurations = (
				AF8A4CBE22FE311E008A48A5 /* Debug */,
				AF8A4CBF22FE311E008A48A5 /* Release */,
			);
			defaultConfigurationIsVisible = 0;
			defaultConfigurationName = Release;
		};
		AFCD77CE22E8DBFC0000302C /* Build configuration list for PBXNativeTarget "namespaceDAT" */ = {
			isa = XCConfigurationList;
			buildConfigurations = (
				AFCD77CF22E8DBFC0000302C /* Debug */,
				AFCD77D022E8DBFC0000302C /* Release */,
			);
			defaultConfigurationIsVisible = 0;
			defaultConfigurationName = Release;
		};
		E227270A21B6EE9A00905532 /* Build configuration list for PBXProject "touchNDN" */ = {
			isa = XCConfigurationList;
			buildConfigurations = (
				E227271321B6EE9A00905532 /* Debug */,
				E227271421B6EE9A00905532 /* Release */,
			);
			defaultConfigurationIsVisible = 0;
			defaultConfigurationName = Release;
		};
		E227271521B6EE9A00905532 /* Build configuration list for PBXNativeTarget "faceDAT" */ = {
			isa = XCConfigurationList;
			buildConfigurations = (
				E227271621B6EE9A00905532 /* Debug */,
				E227271721B6EE9A00905532 /* Release */,
			);
			defaultConfigurationIsVisible = 0;
			defaultConfigurationName = Release;
		};
/* End XCConfigurationList section */
	};
	rootObject = E227270721B6EE9A00905532 /* Project object */;
}
